
Microsoft Visual Studio Solution File, Format Version 12.00
# Visual Studio Version 17
VisualStudioVersion = 17.12.35527.113 d17.12
MinimumVisualStudioVersion = 10.0.40219.1
Project("{FAE04EC0-301F-11D3-BF4B-00C04F79EFBC}") = "Sapin de Noel", "Sapin de Noel\Sapin de Noel.csproj", "{AFDFA4A7-8FB2-4F05-8D58-7D9017B9330F}"
EndProject
Global
	GlobalSection(SolutionConfigurationPlatforms) = preSolution
		Debug|Any CPU = Debug|Any CPU
		Release|Any CPU = Release|Any CPU
	EndGlobalSection
	GlobalSection(ProjectConfigurationPlatforms) = postSolution
		{AFDFA4A7-8FB2-4F05-8D58-7D9017B9330F}.Debug|Any CPU.ActiveCfg = Debug|Any CPU
		{AFDFA4A7-8FB2-4F05-8D58-7D9017B9330F}.Debug|Any CPU.Build.0 = Debug|Any CPU
		{AFDFA4A7-8FB2-4F05-8D58-7D9017B9330F}.Release|Any CPU.ActiveCfg = Release|Any CPU
		{AFDFA4A7-8FB2-4F05-8D58-7D9017B9330F}.Release|Any CPU.Build.0 = Release|Any CPU
	EndGlobalSection
	GlobalSection(SolutionProperties) = preSolution
		HideSolutionNode = FALSE
	EndGlobalSection
EndGlobal
